# This file was autogenerated by Stack.
# You should not edit this file by hand.
# For more information, please see the documentation at:
#   https://docs.haskellstack.org/en/stable/lock_files

packages:
- completed:
    hackage: servant-static-th-1.0.0.0@sha256:7dc46a426d8c78ee0386729159e8bbc18ff98e0dd700a2c723c87901b204fa6c,3883
    pantry-tree:
      size: 1493
      sha256: 13269fcc1c871ee1548d31010f0278484318bffbd9b8e0c0bfdfab4e27d6c3d5
  original:
    hackage: servant-static-th-1.0.0.0@sha256:7dc46a426d8c78ee0386729159e8bbc18ff98e0dd700a2c723c87901b204fa6c,3883
- completed:
    hackage: gi-poppler-0.18.25@sha256:6f1d953016d8082b56b9ff7d57cdcb4da4563d3f8032dd91d494f860c317703b,8986
    pantry-tree:
      size: 363
      sha256: 1372e80ecdd446b8ced31b1b0b6a817d3f3e398492343350fa1cfbb541142c1b
  original:
    hackage: gi-poppler-0.18.25@sha256:6f1d953016d8082b56b9ff7d57cdcb4da4563d3f8032dd91d494f860c317703b,8986
- completed:
    hackage: gi-cairo-render-0.1.0@sha256:cb27b31b373c55c5b384a331e439d1ebc2fb3e02c8a58c9bfb83218d5467af2b,3553
    pantry-tree:
      size: 1655
      sha256: 5cf0f21a23e2d49a50b0f46078890160d982469ff108d7a142eefa165347dc32
  original:
    hackage: gi-cairo-render-0.1.0@sha256:cb27b31b373c55c5b384a331e439d1ebc2fb3e02c8a58c9bfb83218d5467af2b,3553
- completed:
    hackage: gi-cairo-connector-0.1.0@sha256:a79c34c4f22f81a938c5835f623de55fdf1f0f08435897bad68f58e01ffd1464,1213
    pantry-tree:
      size: 238
      sha256: 4414eca6922175779e3ec5d0eb932ee0d10307217a32ff6671a8f5efdd1bc4f0
  original:
    hackage: gi-cairo-connector-0.1.0@sha256:a79c34c4f22f81a938c5835f623de55fdf1f0f08435897bad68f58e01ffd1464,1213
snapshots:
- completed:
    size: 585817
    url: https://raw.githubusercontent.com/commercialhaskell/stackage-snapshots/master/lts/18/5.yaml
    sha256: 22d24d0dacad9c1450b9a174c28d203f9bb482a2a8da9710a2f2a9f4afee2887
  original:
    url: https://raw.githubusercontent.com/commercialhaskell/stackage-snapshots/master/lts/18/5.yaml
